
Microsoft Visual Studio Solution File, Format Version 12.00
# Visual Studio 2012
Project("{FAE04EC0-301F-11D3-BF4B-00C04F79EFBC}") = "Server", "Server\Server.csproj", "{179685C1-51E3-48DF-9E34-F9C5D3B63E59}"
EndProject
Project("{FAE04EC0-301F-11D3-BF4B-00C04F79EFBC}") = "Shared", "Shared\Shared.csproj", "{4CA00C7C-B530-4FBE-B653-AE025DE46D8F}"
EndProject
Project("{FAE04EC0-301F-11D3-BF4B-00C04F79EFBC}") = "Client", "Client\Client.csproj", "{74461533-83FA-4586-AB71-54940AE91D5C}"
EndProject
Global
	GlobalSection(SolutionConfigurationPlatforms) = preSolution
		Debug|Any CPU = Debug|Any CPU
		Release|Any CPU = Release|Any CPU
	EndGlobalSection
	GlobalSection(ProjectConfigurationPlatforms) = postSolution
		{179685C1-51E3-48DF-9E34-F9C5D3B63E59}.Debug|Any CPU.ActiveCfg = Debug|Any CPU
		{179685C1-51E3-48DF-9E34-F9C5D3B63E59}.Debug|Any CPU.Build.0 = Debug|Any CPU
		{179685C1-51E3-48DF-9E34-F9C5D3B63E59}.Release|Any CPU.ActiveCfg = Release|Any CPU
		{179685C1-51E3-48DF-9E34-F9C5D3B63E59}.Release|Any CPU.Build.0 = Release|Any CPU
		{4CA00C7C-B530-4FBE-B653-AE025DE46D8F}.Debug|Any CPU.ActiveCfg = Debug|Any CPU
		{4CA00C7C-B530-4FBE-B653-AE025DE46D8F}.Debug|Any CPU.Build.0 = Debug|Any CPU
		{4CA00C7C-B530-4FBE-B653-AE025DE46D8F}.Release|Any CPU.ActiveCfg = Release|Any CPU
		{4CA00C7C-B530-4FBE-B653-AE025DE46D8F}.Release|Any CPU.Build.0 = Release|Any CPU
		{74461533-83FA-4586-AB71-54940AE91D5C}.Debug|Any CPU.ActiveCfg = Debug|Any CPU
		{74461533-83FA-4586-AB71-54940AE91D5C}.Debug|Any CPU.Build.0 = Debug|Any CPU
		{74461533-83FA-4586-AB71-54940AE91D5C}.Release|Any CPU.ActiveCfg = Release|Any CPU
		{74461533-83FA-4586-AB71-54940AE91D5C}.Release|Any CPU.Build.0 = Release|Any CPU
	EndGlobalSection
	GlobalSection(SolutionProperties) = preSolution
		HideSolutionNode = FALSE
	EndGlobalSection
EndGlobal
