
Microsoft Visual Studio Solution File, Format Version 12.00
# Visual Studio 2012
Project("{FAE04EC0-301F-11D3-BF4B-00C04F79EFBC}") = "TTT.Domain", "TTT.Domain\TTT.Domain.csproj", "{E574E88A-D652-4E55-AE34-8FCCF48147A0}"
EndProject
Project("{FAE04EC0-301F-11D3-BF4B-00C04F79EFBC}") = "TTT.Domain.Tests", "TTT.Domain.Tests\TTT.Domain.Tests.csproj", "{D86DD365-9575-4DD3-BD68-99A71DFD87E6}"
EndProject
Global
	GlobalSection(SolutionConfigurationPlatforms) = preSolution
		Debug|Any CPU = Debug|Any CPU
		Release|Any CPU = Release|Any CPU
	EndGlobalSection
	GlobalSection(ProjectConfigurationPlatforms) = postSolution
		{E574E88A-D652-4E55-AE34-8FCCF48147A0}.Debug|Any CPU.ActiveCfg = Debug|Any CPU
		{E574E88A-D652-4E55-AE34-8FCCF48147A0}.Debug|Any CPU.Build.0 = Debug|Any CPU
		{E574E88A-D652-4E55-AE34-8FCCF48147A0}.Release|Any CPU.ActiveCfg = Release|Any CPU
		{E574E88A-D652-4E55-AE34-8FCCF48147A0}.Release|Any CPU.Build.0 = Release|Any CPU
		{D86DD365-9575-4DD3-BD68-99A71DFD87E6}.Debug|Any CPU.ActiveCfg = Debug|Any CPU
		{D86DD365-9575-4DD3-BD68-99A71DFD87E6}.Debug|Any CPU.Build.0 = Debug|Any CPU
		{D86DD365-9575-4DD3-BD68-99A71DFD87E6}.Release|Any CPU.ActiveCfg = Release|Any CPU
		{D86DD365-9575-4DD3-BD68-99A71DFD87E6}.Release|Any CPU.Build.0 = Release|Any CPU
	EndGlobalSection
	GlobalSection(SolutionProperties) = preSolution
		HideSolutionNode = FALSE
	EndGlobalSection
EndGlobal
