
Microsoft Visual Studio Solution File, Format Version 12.00
# Visual Studio 2012
Project("{FAE04EC0-301F-11D3-BF4B-00C04F79EFBC}") = "TTT.Server", "TTT.Server\TTT.Server.csproj", "{0A9B5484-90A5-4AC7-86B9-9F67D082B41C}"
EndProject
Project("{2150E333-8FDC-42A3-9474-1A3956D46DE8}") = ".nuget", ".nuget", "{0C503754-4AD4-4A42-B9B4-5E37B461BD54}"
	ProjectSection(SolutionItems) = preProject
		.nuget\packages.config = .nuget\packages.config
	EndProjectSection
EndProject
Project("{FAE04EC0-301F-11D3-BF4B-00C04F79EFBC}") = "TTT.Server.Test", "TTT.Server.Test\TTT.Server.Test.csproj", "{08101CAA-E125-46AE-91EA-48130F3B73F5}"
EndProject
Global
	GlobalSection(SolutionConfigurationPlatforms) = preSolution
		Debug|Any CPU = Debug|Any CPU
		Release|Any CPU = Release|Any CPU
	EndGlobalSection
	GlobalSection(ProjectConfigurationPlatforms) = postSolution
		{0A9B5484-90A5-4AC7-86B9-9F67D082B41C}.Debug|Any CPU.ActiveCfg = Debug|Any CPU
		{0A9B5484-90A5-4AC7-86B9-9F67D082B41C}.Debug|Any CPU.Build.0 = Debug|Any CPU
		{0A9B5484-90A5-4AC7-86B9-9F67D082B41C}.Release|Any CPU.ActiveCfg = Release|Any CPU
		{0A9B5484-90A5-4AC7-86B9-9F67D082B41C}.Release|Any CPU.Build.0 = Release|Any CPU
		{08101CAA-E125-46AE-91EA-48130F3B73F5}.Debug|Any CPU.ActiveCfg = Debug|Any CPU
		{08101CAA-E125-46AE-91EA-48130F3B73F5}.Debug|Any CPU.Build.0 = Debug|Any CPU
		{08101CAA-E125-46AE-91EA-48130F3B73F5}.Release|Any CPU.ActiveCfg = Release|Any CPU
		{08101CAA-E125-46AE-91EA-48130F3B73F5}.Release|Any CPU.Build.0 = Release|Any CPU
	EndGlobalSection
	GlobalSection(SolutionProperties) = preSolution
		HideSolutionNode = FALSE
	EndGlobalSection
EndGlobal
